
Microsoft Visual Studio Solution File, Format Version 12.00
# Visual Studio Version 17
VisualStudioVersion = 17.8.34330.188
MinimumVisualStudioVersion = 10.0.40219.1
Project("{FAE04EC0-301F-11D3-BF4B-00C04F79EFBC}") = "First Task", "First Task\First Task.csproj", "{6FA67CF6-58F8-4618-BB7E-B253154B4C9E}"
EndProject
Project("{FAE04EC0-301F-11D3-BF4B-00C04F79EFBC}") = "Second Task", "Second Task\Second Task.csproj", "{31712F6C-87CC-4E82-A3AE-865C32D34CED}"
EndProject
Project("{FAE04EC0-301F-11D3-BF4B-00C04F79EFBC}") = "Third Task", "Third Task\Third Task.csproj", "{BBD9D328-EFA7-438D-AD20-7568EE28AFF2}"
EndProject
Global
	GlobalSection(SolutionConfigurationPlatforms) = preSolution
		Debug|Any CPU = Debug|Any CPU
		Release|Any CPU = Release|Any CPU
	EndGlobalSection
	GlobalSection(ProjectConfigurationPlatforms) = postSolution
		{6FA67CF6-58F8-4618-BB7E-B253154B4C9E}.Debug|Any CPU.ActiveCfg = Debug|Any CPU
		{6FA67CF6-58F8-4618-BB7E-B253154B4C9E}.Debug|Any CPU.Build.0 = Debug|Any CPU
		{6FA67CF6-58F8-4618-BB7E-B253154B4C9E}.Release|Any CPU.ActiveCfg = Release|Any CPU
		{6FA67CF6-58F8-4618-BB7E-B253154B4C9E}.Release|Any CPU.Build.0 = Release|Any CPU
		{31712F6C-87CC-4E82-A3AE-865C32D34CED}.Debug|Any CPU.ActiveCfg = Debug|Any CPU
		{31712F6C-87CC-4E82-A3AE-865C32D34CED}.Debug|Any CPU.Build.0 = Debug|Any CPU
		{31712F6C-87CC-4E82-A3AE-865C32D34CED}.Release|Any CPU.ActiveCfg = Release|Any CPU
		{31712F6C-87CC-4E82-A3AE-865C32D34CED}.Release|Any CPU.Build.0 = Release|Any CPU
		{BBD9D328-EFA7-438D-AD20-7568EE28AFF2}.Debug|Any CPU.ActiveCfg = Debug|Any CPU
		{BBD9D328-EFA7-438D-AD20-7568EE28AFF2}.Debug|Any CPU.Build.0 = Debug|Any CPU
		{BBD9D328-EFA7-438D-AD20-7568EE28AFF2}.Release|Any CPU.ActiveCfg = Release|Any CPU
		{BBD9D328-EFA7-438D-AD20-7568EE28AFF2}.Release|Any CPU.Build.0 = Release|Any CPU
	EndGlobalSection
	GlobalSection(SolutionProperties) = preSolution
		HideSolutionNode = FALSE
	EndGlobalSection
	GlobalSection(ExtensibilityGlobals) = postSolution
		SolutionGuid = {EB953557-7B95-4544-80C0-64572A8366C6}
	EndGlobalSection
EndGlobal
