
Microsoft Visual Studio Solution File, Format Version 12.00
# Visual Studio Version 17
VisualStudioVersion = 17.8.34330.188
MinimumVisualStudioVersion = 10.0.40219.1
Project("{9A19103F-16F7-4668-BE54-9A1E7A4F7556}") = "Book Delegates", "Book Delegates\Book Delegates.csproj", "{CC875B4D-0C7B-4495-B0BF-D98EC79B0D0F}"
EndProject
Project("{FAE04EC0-301F-11D3-BF4B-00C04F79EFBC}") = "Employee Events", "Employee Events\Employee Events.csproj", "{B804369B-74AC-4E19-BBC6-58DE77BC8711}"
EndProject
Global
	GlobalSection(SolutionConfigurationPlatforms) = preSolution
		Debug|Any CPU = Debug|Any CPU
		Release|Any CPU = Release|Any CPU
	EndGlobalSection
	GlobalSection(ProjectConfigurationPlatforms) = postSolution
		{CC875B4D-0C7B-4495-B0BF-D98EC79B0D0F}.Debug|Any CPU.ActiveCfg = Debug|Any CPU
		{CC875B4D-0C7B-4495-B0BF-D98EC79B0D0F}.Debug|Any CPU.Build.0 = Debug|Any CPU
		{CC875B4D-0C7B-4495-B0BF-D98EC79B0D0F}.Release|Any CPU.ActiveCfg = Release|Any CPU
		{CC875B4D-0C7B-4495-B0BF-D98EC79B0D0F}.Release|Any CPU.Build.0 = Release|Any CPU
		{B804369B-74AC-4E19-BBC6-58DE77BC8711}.Debug|Any CPU.ActiveCfg = Debug|Any CPU
		{B804369B-74AC-4E19-BBC6-58DE77BC8711}.Debug|Any CPU.Build.0 = Debug|Any CPU
		{B804369B-74AC-4E19-BBC6-58DE77BC8711}.Release|Any CPU.ActiveCfg = Release|Any CPU
		{B804369B-74AC-4E19-BBC6-58DE77BC8711}.Release|Any CPU.Build.0 = Release|Any CPU
	EndGlobalSection
	GlobalSection(SolutionProperties) = preSolution
		HideSolutionNode = FALSE
	EndGlobalSection
	GlobalSection(ExtensibilityGlobals) = postSolution
		SolutionGuid = {7DFF720F-C448-4939-8C93-95C4E2ECE1CB}
	EndGlobalSection
EndGlobal
