
Microsoft Visual Studio Solution File, Format Version 12.00
# Visual Studio Version 17
VisualStudioVersion = 17.8.34330.188
MinimumVisualStudioVersion = 10.0.40219.1
Project("{9A19103F-16F7-4668-BE54-9A1E7A4F7556}") = "Exam", "Exam\Exam.csproj", "{869EC6E7-E427-4E0E-8629-E57107DCF714}"
EndProject
Project("{FAE04EC0-301F-11D3-BF4B-00C04F79EFBC}") = "NIC", "NIC\NIC.csproj", "{4C070E25-B27D-4F98-9119-019DD74049EE}"
EndProject
Global
	GlobalSection(SolutionConfigurationPlatforms) = preSolution
		Debug|Any CPU = Debug|Any CPU
		Release|Any CPU = Release|Any CPU
	EndGlobalSection
	GlobalSection(ProjectConfigurationPlatforms) = postSolution
		{869EC6E7-E427-4E0E-8629-E57107DCF714}.Debug|Any CPU.ActiveCfg = Debug|Any CPU
		{869EC6E7-E427-4E0E-8629-E57107DCF714}.Debug|Any CPU.Build.0 = Debug|Any CPU
		{869EC6E7-E427-4E0E-8629-E57107DCF714}.Release|Any CPU.ActiveCfg = Release|Any CPU
		{869EC6E7-E427-4E0E-8629-E57107DCF714}.Release|Any CPU.Build.0 = Release|Any CPU
		{4C070E25-B27D-4F98-9119-019DD74049EE}.Debug|Any CPU.ActiveCfg = Debug|Any CPU
		{4C070E25-B27D-4F98-9119-019DD74049EE}.Debug|Any CPU.Build.0 = Debug|Any CPU
		{4C070E25-B27D-4F98-9119-019DD74049EE}.Release|Any CPU.ActiveCfg = Release|Any CPU
		{4C070E25-B27D-4F98-9119-019DD74049EE}.Release|Any CPU.Build.0 = Release|Any CPU
	EndGlobalSection
	GlobalSection(SolutionProperties) = preSolution
		HideSolutionNode = FALSE
	EndGlobalSection
	GlobalSection(ExtensibilityGlobals) = postSolution
		SolutionGuid = {C132B320-A17E-4C8D-9182-98B115AAAE20}
	EndGlobalSection
EndGlobal
