
Microsoft Visual Studio Solution File, Format Version 12.00
# Visual Studio Version 17
VisualStudioVersion = 17.8.34330.188
MinimumVisualStudioVersion = 10.0.40219.1
Project("{9A19103F-16F7-4668-BE54-9A1E7A4F7556}") = "First Task", "First Task\First Task.csproj", "{4D4E427B-3796-4E3F-8B88-8A359E56211D}"
EndProject
Project("{FAE04EC0-301F-11D3-BF4B-00C04F79EFBC}") = "Second Task", "Second Task\Second Task.csproj", "{2FC084DF-A3F9-4AAA-AB3F-356E6424224C}"
EndProject
Global
	GlobalSection(SolutionConfigurationPlatforms) = preSolution
		Debug|Any CPU = Debug|Any CPU
		Release|Any CPU = Release|Any CPU
	EndGlobalSection
	GlobalSection(ProjectConfigurationPlatforms) = postSolution
		{4D4E427B-3796-4E3F-8B88-8A359E56211D}.Debug|Any CPU.ActiveCfg = Debug|Any CPU
		{4D4E427B-3796-4E3F-8B88-8A359E56211D}.Debug|Any CPU.Build.0 = Debug|Any CPU
		{4D4E427B-3796-4E3F-8B88-8A359E56211D}.Release|Any CPU.ActiveCfg = Release|Any CPU
		{4D4E427B-3796-4E3F-8B88-8A359E56211D}.Release|Any CPU.Build.0 = Release|Any CPU
		{2FC084DF-A3F9-4AAA-AB3F-356E6424224C}.Debug|Any CPU.ActiveCfg = Debug|Any CPU
		{2FC084DF-A3F9-4AAA-AB3F-356E6424224C}.Debug|Any CPU.Build.0 = Debug|Any CPU
		{2FC084DF-A3F9-4AAA-AB3F-356E6424224C}.Release|Any CPU.ActiveCfg = Release|Any CPU
		{2FC084DF-A3F9-4AAA-AB3F-356E6424224C}.Release|Any CPU.Build.0 = Release|Any CPU
	EndGlobalSection
	GlobalSection(SolutionProperties) = preSolution
		HideSolutionNode = FALSE
	EndGlobalSection
	GlobalSection(ExtensibilityGlobals) = postSolution
		SolutionGuid = {9B6262A0-D21B-482E-BEE6-53C74ADE455C}
	EndGlobalSection
EndGlobal
